// !$*UTF8*$!
{
	archiveVersion = 1;
	classes = {
	};
	objectVersion = 48;
	objects = {

/* Begin PBXBuildFile section */
		207A2E2402EBA709A1863CB2 /* Pods_SimpleDocbase.framework in Frameworks */ = {isa = PBXBuildFile; fileRef = E82A45EBF124ED586B28613A /* Pods_SimpleDocbase.framework */; };
		400458751FB682AD00D5FF8E /* DaySheetViewController.swift in Sources */ = {isa = PBXBuildFile; fileRef = 400458741FB682AD00D5FF8E /* DaySheetViewController.swift */; };
		400458781FB6855C00D5FF8E /* Date+WorkSheet.swift in Sources */ = {isa = PBXBuildFile; fileRef = 400458771FB6855C00D5FF8E /* Date+WorkSheet.swift */; };
		40F30E381FB88CE000014511 /* WorkSheetCell.swift in Sources */ = {isa = PBXBuildFile; fileRef = 40F30E371FB88CE000014511 /* WorkSheetCell.swift */; };
		BB3ED2641FBA934900C371E6 /* WorkSheetItemCell.swift in Sources */ = {isa = PBXBuildFile; fileRef = BB3ED2631FBA934900C371E6 /* WorkSheetItemCell.swift */; };
		BB66A7E31FBE80D900C971DD /* DaySheetHeaderView.swift in Sources */ = {isa = PBXBuildFile; fileRef = BB66A7E21FBE80D900C971DD /* DaySheetHeaderView.swift */; };
		BB757EA01FB54CCA00B0A569 /* WorkSheet.swift in Sources */ = {isa = PBXBuildFile; fileRef = BB757E9F1FB54CCA00B0A569 /* WorkSheet.swift */; };
		DA1D97DD1FB57940005A5C1D /* ACARequest.swift in Sources */ = {isa = PBXBuildFile; fileRef = DA1D97DC1FB57940005A5C1D /* ACARequest.swift */; };
		DA1D97DF1FB57963005A5C1D /* TesterViewController.swift in Sources */ = {isa = PBXBuildFile; fileRef = DA1D97DE1FB57963005A5C1D /* TesterViewController.swift */; };
		DA1D97E11FB944E3005A5C1D /* TesterTokenKeyViewController.swift in Sources */ = {isa = PBXBuildFile; fileRef = DA1D97E01FB944E3005A5C1D /* TesterTokenKeyViewController.swift */; };
		DA2D5A7F1FA6D3B500668EC9 /* Group.swift in Sources */ = {isa = PBXBuildFile; fileRef = DA2D5A7E1FA6D3B500668EC9 /* Group.swift */; };
		DA2D5A811FA6D3DE00668EC9 /* Team.swift in Sources */ = {isa = PBXBuildFile; fileRef = DA2D5A801FA6D3DE00668EC9 /* Team.swift */; };
		DA2D5A9B1FA7149A00668EC9 /* Sheet.storyboard in Resources */ = {isa = PBXBuildFile; fileRef = DA2D5A9A1FA7149A00668EC9 /* Sheet.storyboard */; };
		DA2D5AA21FA728CE00668EC9 /* Setting.storyboard in Resources */ = {isa = PBXBuildFile; fileRef = DA2D5AA11FA728CE00668EC9 /* Setting.storyboard */; };
		DA2D5AA41FA7296100668EC9 /* Main.storyboard in Resources */ = {isa = PBXBuildFile; fileRef = DA2D5AA31FA7296100668EC9 /* Main.storyboard */; };
		DA5099241FBED26B005052F2 /* NewSetting.storyboard in Resources */ = {isa = PBXBuildFile; fileRef = DA5099231FBED26B005052F2 /* NewSetting.storyboard */; };
		DA8C80F11FA729D400AC3E3D /* Group.storyboard in Resources */ = {isa = PBXBuildFile; fileRef = DA8C80F01FA729D400AC3E3D /* Group.storyboard */; };
		DAA3400B1FBBDCDA009658EF /* ACAGroupRequest.swift in Sources */ = {isa = PBXBuildFile; fileRef = DAA3400A1FBBDCDA009658EF /* ACAGroupRequest.swift */; };
		DAA3400D1FBBDF81009658EF /* ACATeamRequest.swift in Sources */ = {isa = PBXBuildFile; fileRef = DAA3400C1FBBDF81009658EF /* ACATeamRequest.swift */; };
		DAA3400F1FBBE043009658EF /* ACAMemoRequest.swift in Sources */ = {isa = PBXBuildFile; fileRef = DAA3400E1FBBE043009658EF /* ACAMemoRequest.swift */; };
		DABE7DB41FB002C6007AD68E /* ChangeTeamViewController.swift in Sources */ = {isa = PBXBuildFile; fileRef = DABE7DB31FB002C6007AD68E /* ChangeTeamViewController.swift */; };
		DABE7DB61FB0033D007AD68E /* TeamInformViewController.swift in Sources */ = {isa = PBXBuildFile; fileRef = DABE7DB51FB0033D007AD68E /* TeamInformViewController.swift */; };
		DAC4E54C1FA1EB0C00301844 /* RegisterTokenKeyViewController.swift in Sources */ = {isa = PBXBuildFile; fileRef = DAC4E54B1FA1EB0C00301844 /* RegisterTokenKeyViewController.swift */; };
		DAC4E5521FA2F24D00301844 /* Request.swift in Sources */ = {isa = PBXBuildFile; fileRef = DAC4E5511FA2F24D00301844 /* Request.swift */; };
		DAE26BEA1FAB113800656BDE /* WriteMemoViewController.swift in Sources */ = {isa = PBXBuildFile; fileRef = DAE26BE91FAB113800656BDE /* WriteMemoViewController.swift */; };
		DAF6B9501FA06F090042BEC0 /* AppDelegate.swift in Sources */ = {isa = PBXBuildFile; fileRef = DAF6B94F1FA06F090042BEC0 /* AppDelegate.swift */; };
		DAF6B9571FA06F090042BEC0 /* Assets.xcassets in Resources */ = {isa = PBXBuildFile; fileRef = DAF6B9561FA06F090042BEC0 /* Assets.xcassets */; };
		DAF6B95A1FA06F090042BEC0 /* LaunchScreen.storyboard in Resources */ = {isa = PBXBuildFile; fileRef = DAF6B9581FA06F090042BEC0 /* LaunchScreen.storyboard */; };
		DAF6B9681FA082EC0042BEC0 /* SettingViewController.swift in Sources */ = {isa = PBXBuildFile; fileRef = DAF6B9671FA082EC0042BEC0 /* SettingViewController.swift */; };
		DAF6B96A1FA090BC0042BEC0 /* GroupViewController.swift in Sources */ = {isa = PBXBuildFile; fileRef = DAF6B9691FA090BC0042BEC0 /* GroupViewController.swift */; };
		DAF8C5D11FA9EFAE00B9B8C0 /* Memo.swift in Sources */ = {isa = PBXBuildFile; fileRef = DAF8C5D01FA9EFAE00B9B8C0 /* Memo.swift */; };
		DAF917851FBE9B2700D18FAB /* Settings.bundle in Resources */ = {isa = PBXBuildFile; fileRef = DAF917841FBE9B2700D18FAB /* Settings.bundle */; };
		DAF917891FBEA1AA00D18FAB /* SFSettingViewController.swift in Sources */ = {isa = PBXBuildFile; fileRef = DAF917881FBEA1AA00D18FAB /* SFSettingViewController.swift */; };
		DAF9178C1FBEA64F00D18FAB /* SFRegisterTokenKeyViewController.swift in Sources */ = {isa = PBXBuildFile; fileRef = DAF9178B1FBEA64F00D18FAB /* SFRegisterTokenKeyViewController.swift */; };
		DAF917901FBEA68900D18FAB /* SFTeamInfomationViewController.swift in Sources */ = {isa = PBXBuildFile; fileRef = DAF9178F1FBEA68900D18FAB /* SFTeamInfomationViewController.swift */; };
		DAFA95C71FA96DF400A368BC /* MemoListViewController.swift in Sources */ = {isa = PBXBuildFile; fileRef = DAFA95C61FA96DF400A368BC /* MemoListViewController.swift */; };
		DAFA95C91FA98DFE00A368BC /* DetailMemoViewController.swift in Sources */ = {isa = PBXBuildFile; fileRef = DAFA95C81FA98DFE00A368BC /* DetailMemoViewController.swift */; };
		DAFA95CE1FA99C4600A368BC /* User.swift in Sources */ = {isa = PBXBuildFile; fileRef = DAFA95CD1FA99C4500A368BC /* User.swift */; };
		DAFA95D01FA99C6100A368BC /* Comment.swift in Sources */ = {isa = PBXBuildFile; fileRef = DAFA95CF1FA99C6100A368BC /* Comment.swift */; };
		DAFA95D21FA99C7C00A368BC /* Tag.swift in Sources */ = {isa = PBXBuildFile; fileRef = DAFA95D11FA99C7C00A368BC /* Tag.swift */; };
		DAFB18291FB1DF3000AA4DC7 /* SheetViewController.swift in Sources */ = {isa = PBXBuildFile; fileRef = DAFB18281FB1DF2F00AA4DC7 /* SheetViewController.swift */; };
		DAFD71041FB477F3004F3140 /* Tester.storyboard in Resources */ = {isa = PBXBuildFile; fileRef = DAFD71031FB477F3004F3140 /* Tester.storyboard */; };
		DAFD71061FB47A8C004F3140 /* GroupRequest.swift in Sources */ = {isa = PBXBuildFile; fileRef = DAFD71051FB47A8C004F3140 /* GroupRequest.swift */; };
		DAFD71081FB53455004F3140 /* TeamRequest.swift in Sources */ = {isa = PBXBuildFile; fileRef = DAFD71071FB53455004F3140 /* TeamRequest.swift */; };
		DAFD710A1FB5386B004F3140 /* MemoRequest.swift in Sources */ = {isa = PBXBuildFile; fileRef = DAFD71091FB5386B004F3140 /* MemoRequest.swift */; };
		DAFF5C711FA8664E0087C871 /* SetTokenkeyViewController.swift in Sources */ = {isa = PBXBuildFile; fileRef = DAFF5C701FA8664E0087C871 /* SetTokenkeyViewController.swift */; };
/* End PBXBuildFile section */

/* Begin PBXFileReference section */
		400458741FB682AD00D5FF8E /* DaySheetViewController.swift */ = {isa = PBXFileReference; lastKnownFileType = sourcecode.swift; path = DaySheetViewController.swift; sourceTree = "<group>"; };
		400458771FB6855C00D5FF8E /* Date+WorkSheet.swift */ = {isa = PBXFileReference; lastKnownFileType = sourcecode.swift; path = "Date+WorkSheet.swift"; sourceTree = "<group>"; };
		40F30E371FB88CE000014511 /* WorkSheetCell.swift */ = {isa = PBXFileReference; lastKnownFileType = sourcecode.swift; path = WorkSheetCell.swift; sourceTree = "<group>"; };
		50BA2B0354AB199E568389D6 /* Pods-SimpleDocbase.release.xcconfig */ = {isa = PBXFileReference; includeInIndex = 1; lastKnownFileType = text.xcconfig; name = "Pods-SimpleDocbase.release.xcconfig"; path = "Pods/Target Support Files/Pods-SimpleDocbase/Pods-SimpleDocbase.release.xcconfig"; sourceTree = "<group>"; };
		BB3ED2631FBA934900C371E6 /* WorkSheetItemCell.swift */ = {isa = PBXFileReference; lastKnownFileType = sourcecode.swift; path = WorkSheetItemCell.swift; sourceTree = "<group>"; };
		BB66A7E21FBE80D900C971DD /* DaySheetHeaderView.swift */ = {isa = PBXFileReference; lastKnownFileType = sourcecode.swift; path = DaySheetHeaderView.swift; sourceTree = "<group>"; };
		BB757E9F1FB54CCA00B0A569 /* WorkSheet.swift */ = {isa = PBXFileReference; lastKnownFileType = sourcecode.swift; path = WorkSheet.swift; sourceTree = "<group>"; };
		BB8642ABBE4D41B96C1B5FCA /* Pods-SimpleDocbase.debug.xcconfig */ = {isa = PBXFileReference; includeInIndex = 1; lastKnownFileType = text.xcconfig; name = "Pods-SimpleDocbase.debug.xcconfig"; path = "Pods/Target Support Files/Pods-SimpleDocbase/Pods-SimpleDocbase.debug.xcconfig"; sourceTree = "<group>"; };
		DA1D97DC1FB57940005A5C1D /* ACARequest.swift */ = {isa = PBXFileReference; lastKnownFileType = sourcecode.swift; path = ACARequest.swift; sourceTree = "<group>"; };
		DA1D97DE1FB57963005A5C1D /* TesterViewController.swift */ = {isa = PBXFileReference; lastKnownFileType = sourcecode.swift; path = TesterViewController.swift; sourceTree = "<group>"; };
		DA1D97E01FB944E3005A5C1D /* TesterTokenKeyViewController.swift */ = {isa = PBXFileReference; lastKnownFileType = sourcecode.swift; path = TesterTokenKeyViewController.swift; sourceTree = "<group>"; };
		DA2D5A7E1FA6D3B500668EC9 /* Group.swift */ = {isa = PBXFileReference; lastKnownFileType = sourcecode.swift; path = Group.swift; sourceTree = "<group>"; };
		DA2D5A801FA6D3DE00668EC9 /* Team.swift */ = {isa = PBXFileReference; lastKnownFileType = sourcecode.swift; path = Team.swift; sourceTree = "<group>"; };
		DA2D5A9A1FA7149A00668EC9 /* Sheet.storyboard */ = {isa = PBXFileReference; fileEncoding = 4; lastKnownFileType = file.storyboard; path = Sheet.storyboard; sourceTree = "<group>"; };
		DA2D5AA11FA728CE00668EC9 /* Setting.storyboard */ = {isa = PBXFileReference; fileEncoding = 4; lastKnownFileType = file.storyboard; path = Setting.storyboard; sourceTree = "<group>"; };
		DA2D5AA31FA7296100668EC9 /* Main.storyboard */ = {isa = PBXFileReference; lastKnownFileType = file.storyboard; path = Main.storyboard; sourceTree = "<group>"; };
		DA5099231FBED26B005052F2 /* NewSetting.storyboard */ = {isa = PBXFileReference; lastKnownFileType = file.storyboard; path = NewSetting.storyboard; sourceTree = "<group>"; };
		DA8C80F01FA729D400AC3E3D /* Group.storyboard */ = {isa = PBXFileReference; fileEncoding = 4; lastKnownFileType = file.storyboard; path = Group.storyboard; sourceTree = "<group>"; };
		DAA3400A1FBBDCDA009658EF /* ACAGroupRequest.swift */ = {isa = PBXFileReference; lastKnownFileType = sourcecode.swift; path = ACAGroupRequest.swift; sourceTree = "<group>"; };
		DAA3400C1FBBDF81009658EF /* ACATeamRequest.swift */ = {isa = PBXFileReference; lastKnownFileType = sourcecode.swift; path = ACATeamRequest.swift; sourceTree = "<group>"; };
		DAA3400E1FBBE043009658EF /* ACAMemoRequest.swift */ = {isa = PBXFileReference; lastKnownFileType = sourcecode.swift; path = ACAMemoRequest.swift; sourceTree = "<group>"; };
		DABE7DB31FB002C6007AD68E /* ChangeTeamViewController.swift */ = {isa = PBXFileReference; lastKnownFileType = sourcecode.swift; path = ChangeTeamViewController.swift; sourceTree = "<group>"; };
		DABE7DB51FB0033D007AD68E /* TeamInformViewController.swift */ = {isa = PBXFileReference; lastKnownFileType = sourcecode.swift; path = TeamInformViewController.swift; sourceTree = "<group>"; };
		DAC4E54B1FA1EB0C00301844 /* RegisterTokenKeyViewController.swift */ = {isa = PBXFileReference; lastKnownFileType = sourcecode.swift; path = RegisterTokenKeyViewController.swift; sourceTree = "<group>"; };
		DAC4E5511FA2F24D00301844 /* Request.swift */ = {isa = PBXFileReference; lastKnownFileType = sourcecode.swift; path = Request.swift; sourceTree = "<group>"; };
		DAE26BE91FAB113800656BDE /* WriteMemoViewController.swift */ = {isa = PBXFileReference; lastKnownFileType = sourcecode.swift; path = WriteMemoViewController.swift; sourceTree = "<group>"; };
		DAF6B94C1FA06F090042BEC0 /* SimpleDocbase.app */ = {isa = PBXFileReference; explicitFileType = wrapper.application; includeInIndex = 0; path = SimpleDocbase.app; sourceTree = BUILT_PRODUCTS_DIR; };
		DAF6B94F1FA06F090042BEC0 /* AppDelegate.swift */ = {isa = PBXFileReference; lastKnownFileType = sourcecode.swift; path = AppDelegate.swift; sourceTree = "<group>"; };
		DAF6B9561FA06F090042BEC0 /* Assets.xcassets */ = {isa = PBXFileReference; lastKnownFileType = folder.assetcatalog; path = Assets.xcassets; sourceTree = "<group>"; };
		DAF6B9591FA06F090042BEC0 /* Base */ = {isa = PBXFileReference; lastKnownFileType = file.storyboard; name = Base; path = Base.lproj/LaunchScreen.storyboard; sourceTree = "<group>"; };
		DAF6B95B1FA06F090042BEC0 /* Info.plist */ = {isa = PBXFileReference; lastKnownFileType = text.plist.xml; path = Info.plist; sourceTree = "<group>"; };
		DAF6B9671FA082EC0042BEC0 /* SettingViewController.swift */ = {isa = PBXFileReference; lastKnownFileType = sourcecode.swift; path = SettingViewController.swift; sourceTree = "<group>"; };
		DAF6B9691FA090BC0042BEC0 /* GroupViewController.swift */ = {isa = PBXFileReference; lastKnownFileType = sourcecode.swift; path = GroupViewController.swift; sourceTree = "<group>"; };
		DAF8C5D01FA9EFAE00B9B8C0 /* Memo.swift */ = {isa = PBXFileReference; lastKnownFileType = sourcecode.swift; path = Memo.swift; sourceTree = "<group>"; };
		DAF917841FBE9B2700D18FAB /* Settings.bundle */ = {isa = PBXFileReference; lastKnownFileType = "wrapper.plug-in"; path = Settings.bundle; sourceTree = "<group>"; };
		DAF917881FBEA1AA00D18FAB /* SFSettingViewController.swift */ = {isa = PBXFileReference; lastKnownFileType = sourcecode.swift; path = SFSettingViewController.swift; sourceTree = "<group>"; };
		DAF9178B1FBEA64F00D18FAB /* SFRegisterTokenKeyViewController.swift */ = {isa = PBXFileReference; lastKnownFileType = sourcecode.swift; path = SFRegisterTokenKeyViewController.swift; sourceTree = "<group>"; };
		DAF9178F1FBEA68900D18FAB /* SFTeamInfomationViewController.swift */ = {isa = PBXFileReference; lastKnownFileType = sourcecode.swift; path = SFTeamInfomationViewController.swift; sourceTree = "<group>"; };
		DAFA95C61FA96DF400A368BC /* MemoListViewController.swift */ = {isa = PBXFileReference; lastKnownFileType = sourcecode.swift; path = MemoListViewController.swift; sourceTree = "<group>"; };
		DAFA95C81FA98DFE00A368BC /* DetailMemoViewController.swift */ = {isa = PBXFileReference; lastKnownFileType = sourcecode.swift; path = DetailMemoViewController.swift; sourceTree = "<group>"; };
		DAFA95CD1FA99C4500A368BC /* User.swift */ = {isa = PBXFileReference; lastKnownFileType = sourcecode.swift; path = User.swift; sourceTree = "<group>"; };
		DAFA95CF1FA99C6100A368BC /* Comment.swift */ = {isa = PBXFileReference; lastKnownFileType = sourcecode.swift; path = Comment.swift; sourceTree = "<group>"; };
		DAFA95D11FA99C7C00A368BC /* Tag.swift */ = {isa = PBXFileReference; lastKnownFileType = sourcecode.swift; path = Tag.swift; sourceTree = "<group>"; };
		DAFB18281FB1DF2F00AA4DC7 /* SheetViewController.swift */ = {isa = PBXFileReference; fileEncoding = 4; lastKnownFileType = sourcecode.swift; path = SheetViewController.swift; sourceTree = "<group>"; };
		DAFD71031FB477F3004F3140 /* Tester.storyboard */ = {isa = PBXFileReference; lastKnownFileType = file.storyboard; path = Tester.storyboard; sourceTree = "<group>"; };
		DAFD71051FB47A8C004F3140 /* GroupRequest.swift */ = {isa = PBXFileReference; lastKnownFileType = sourcecode.swift; path = GroupRequest.swift; sourceTree = "<group>"; };
		DAFD71071FB53455004F3140 /* TeamRequest.swift */ = {isa = PBXFileReference; lastKnownFileType = sourcecode.swift; path = TeamRequest.swift; sourceTree = "<group>"; };
		DAFD71091FB5386B004F3140 /* MemoRequest.swift */ = {isa = PBXFileReference; lastKnownFileType = sourcecode.swift; path = MemoRequest.swift; sourceTree = "<group>"; };
		DAFF5C701FA8664E0087C871 /* SetTokenkeyViewController.swift */ = {isa = PBXFileReference; lastKnownFileType = sourcecode.swift; path = SetTokenkeyViewController.swift; sourceTree = "<group>"; };
		E82A45EBF124ED586B28613A /* Pods_SimpleDocbase.framework */ = {isa = PBXFileReference; explicitFileType = wrapper.framework; includeInIndex = 0; path = Pods_SimpleDocbase.framework; sourceTree = BUILT_PRODUCTS_DIR; };
/* End PBXFileReference section */

/* Begin PBXFrameworksBuildPhase section */
		DAF6B9491FA06F090042BEC0 /* Frameworks */ = {
			isa = PBXFrameworksBuildPhase;
			buildActionMask = 2147483647;
			files = (
				207A2E2402EBA709A1863CB2 /* Pods_SimpleDocbase.framework in Frameworks */,
			);
			runOnlyForDeploymentPostprocessing = 0;
		};
/* End PBXFrameworksBuildPhase section */

/* Begin PBXGroup section */
		400458761FB6852B00D5FF8E /* Extension */ = {
			isa = PBXGroup;
			children = (
				400458771FB6855C00D5FF8E /* Date+WorkSheet.swift */,
			);
			path = Extension;
			sourceTree = "<group>";
		};
		A03E253E293E4B7F7214E376 /* Frameworks */ = {
			isa = PBXGroup;
			children = (
				E82A45EBF124ED586B28613A /* Pods_SimpleDocbase.framework */,
			);
			name = Frameworks;
			sourceTree = "<group>";
		};
		B5167FBF0592602976FB615A /* Pods */ = {
			isa = PBXGroup;
			children = (
				BB8642ABBE4D41B96C1B5FCA /* Pods-SimpleDocbase.debug.xcconfig */,
				50BA2B0354AB199E568389D6 /* Pods-SimpleDocbase.release.xcconfig */,
			);
			name = Pods;
			sourceTree = "<group>";
		};
		DA2D5A911FA6EBB200668EC9 /* Storyboard */ = {
			isa = PBXGroup;
			children = (
				DA2D5AA31FA7296100668EC9 /* Main.storyboard */,
				DA8C80F01FA729D400AC3E3D /* Group.storyboard */,
				DA2D5A9A1FA7149A00668EC9 /* Sheet.storyboard */,
				DA2D5AA11FA728CE00668EC9 /* Setting.storyboard */,
				DA5099231FBED26B005052F2 /* NewSetting.storyboard */,
			);
			path = Storyboard;
			sourceTree = "<group>";
		};
		DAA340091FBBDC7B009658EF /* Request */ = {
			isa = PBXGroup;
			children = (
				DA1D97DC1FB57940005A5C1D /* ACARequest.swift */,
				DAA3400A1FBBDCDA009658EF /* ACAGroupRequest.swift */,
				DAA3400C1FBBDF81009658EF /* ACATeamRequest.swift */,
				DAA3400E1FBBE043009658EF /* ACAMemoRequest.swift */,
			);
			path = Request;
			sourceTree = "<group>";
		};
		DAC4E5571FA32B8800301844 /* Model */ = {
			isa = PBXGroup;
			children = (
				DA2D5A801FA6D3DE00668EC9 /* Team.swift */,
				DA2D5A7E1FA6D3B500668EC9 /* Group.swift */,
				DAF8C5D01FA9EFAE00B9B8C0 /* Memo.swift */,
				DAFA95CD1FA99C4500A368BC /* User.swift */,
				DAFA95D11FA99C7C00A368BC /* Tag.swift */,
				DAFA95CF1FA99C6100A368BC /* Comment.swift */,
				BB757E9F1FB54CCA00B0A569 /* WorkSheet.swift */,
			);
			path = Model;
			sourceTree = "<group>";
		};
		DAC4E5581FA32B9300301844 /* Request */ = {
			isa = PBXGroup;
			children = (
				DAC4E5511FA2F24D00301844 /* Request.swift */,
				DAFD71051FB47A8C004F3140 /* GroupRequest.swift */,
				DAFD71071FB53455004F3140 /* TeamRequest.swift */,
				DAFD71091FB5386B004F3140 /* MemoRequest.swift */,
			);
			path = Request;
			sourceTree = "<group>";
		};
		DAC4E5591FA32B9800301844 /* Controller */ = {
			isa = PBXGroup;
			children = (
				DAFB18271FB1DF2F00AA4DC7 /* Sheet */,
				DAFA95CA1FA98E0800A368BC /* Group */,
				DAFA95CC1FA98E2000A368BC /* Setting */,
			);
			path = Controller;
			sourceTree = "<group>";
		};
		DAF6B9431FA06F090042BEC0 = {
			isa = PBXGroup;
			children = (
				DAF6B94E1FA06F090042BEC0 /* SimpleDocbase */,
				DAF6B94D1FA06F090042BEC0 /* Products */,
				B5167FBF0592602976FB615A /* Pods */,
				A03E253E293E4B7F7214E376 /* Frameworks */,
			);
			sourceTree = "<group>";
		};
		DAF6B94D1FA06F090042BEC0 /* Products */ = {
			isa = PBXGroup;
			children = (
				DAF6B94C1FA06F090042BEC0 /* SimpleDocbase.app */,
			);
			name = Products;
			sourceTree = "<group>";
		};
		DAF6B94E1FA06F090042BEC0 /* SimpleDocbase */ = {
			isa = PBXGroup;
			children = (
				DAFD71021FB477E1004F3140 /* Tester */,
				400458761FB6852B00D5FF8E /* Extension */,
				DA2D5A911FA6EBB200668EC9 /* Storyboard */,
				DAC4E5591FA32B9800301844 /* Controller */,
				DAC4E5581FA32B9300301844 /* Request */,
				DAC4E5571FA32B8800301844 /* Model */,
				DAFF5C6D1FA836370087C871 /* Supportting Files */,
				DAF6B95B1FA06F090042BEC0 /* Info.plist */,
				DAF917841FBE9B2700D18FAB /* Settings.bundle */,
			);
			path = SimpleDocbase;
			sourceTree = "<group>";
		};
		DAF917871FBEA19700D18FAB /* SwiftyForm */ = {
			isa = PBXGroup;
			children = (
				DAF917881FBEA1AA00D18FAB /* SFSettingViewController.swift */,
				DAF9178B1FBEA64F00D18FAB /* SFRegisterTokenKeyViewController.swift */,
				DAF9178F1FBEA68900D18FAB /* SFTeamInfomationViewController.swift */,
			);
			path = SwiftyForm;
			sourceTree = "<group>";
		};
		DAFA95CA1FA98E0800A368BC /* Group */ = {
			isa = PBXGroup;
			children = (
				DAF6B9691FA090BC0042BEC0 /* GroupViewController.swift */,
				DAFA95C61FA96DF400A368BC /* MemoListViewController.swift */,
				DAE26BE91FAB113800656BDE /* WriteMemoViewController.swift */,
				DAFA95C81FA98DFE00A368BC /* DetailMemoViewController.swift */,
			);
			path = Group;
			sourceTree = "<group>";
		};
		DAFA95CC1FA98E2000A368BC /* Setting */ = {
			isa = PBXGroup;
			children = (
				DAF6B9671FA082EC0042BEC0 /* SettingViewController.swift */,
				DAC4E54B1FA1EB0C00301844 /* RegisterTokenKeyViewController.swift */,
				DABE7DB31FB002C6007AD68E /* ChangeTeamViewController.swift */,
				DABE7DB51FB0033D007AD68E /* TeamInformViewController.swift */,
				DAFF5C701FA8664E0087C871 /* SetTokenkeyViewController.swift */,
			);
			path = Setting;
			sourceTree = "<group>";
		};
		DAFB18271FB1DF2F00AA4DC7 /* Sheet */ = {
			isa = PBXGroup;
			children = (
				DAFB18281FB1DF2F00AA4DC7 /* SheetViewController.swift */,
				40F30E371FB88CE000014511 /* WorkSheetCell.swift */,
				400458741FB682AD00D5FF8E /* DaySheetViewController.swift */,
				BB66A7E21FBE80D900C971DD /* DaySheetHeaderView.swift */,
				BB3ED2631FBA934900C371E6 /* WorkSheetItemCell.swift */,
			);
			path = Sheet;
			sourceTree = "<group>";
		};
		DAFD71021FB477E1004F3140 /* Tester */ = {
			isa = PBXGroup;
			children = (
				DAF917871FBEA19700D18FAB /* SwiftyForm */,
				DAA340091FBBDC7B009658EF /* Request */,
				DAFD71031FB477F3004F3140 /* Tester.storyboard */,
				DA1D97DE1FB57963005A5C1D /* TesterViewController.swift */,
				DA1D97E01FB944E3005A5C1D /* TesterTokenKeyViewController.swift */,
			);
			path = Tester;
			sourceTree = "<group>";
		};
		DAFF5C6D1FA836370087C871 /* Supportting Files */ = {
			isa = PBXGroup;
			children = (
				DAF6B94F1FA06F090042BEC0 /* AppDelegate.swift */,
				DAF6B9561FA06F090042BEC0 /* Assets.xcassets */,
				DAF6B9581FA06F090042BEC0 /* LaunchScreen.storyboard */,
			);
			path = "Supportting Files";
			sourceTree = "<group>";
		};
/* End PBXGroup section */

/* Begin PBXNativeTarget section */
		DAF6B94B1FA06F090042BEC0 /* SimpleDocbase */ = {
			isa = PBXNativeTarget;
			buildConfigurationList = DAF6B95E1FA06F090042BEC0 /* Build configuration list for PBXNativeTarget "SimpleDocbase" */;
			buildPhases = (
				AD31DD08BF2858A2D479A5CC /* [CP] Check Pods Manifest.lock */,
				DAF6B9481FA06F090042BEC0 /* Sources */,
				DAF6B9491FA06F090042BEC0 /* Frameworks */,
				DAF6B94A1FA06F090042BEC0 /* Resources */,
				255EE4224FED940C3EEE5D0A /* [CP] Embed Pods Frameworks */,
				F5B8AE2642F6A64AE383DEF6 /* [CP] Copy Pods Resources */,
			);
			buildRules = (
			);
			dependencies = (
			);
			name = SimpleDocbase;
			productName = SimpleDocbase;
			productReference = DAF6B94C1FA06F090042BEC0 /* SimpleDocbase.app */;
			productType = "com.apple.product-type.application";
		};
/* End PBXNativeTarget section */

/* Begin PBXProject section */
		DAF6B9441FA06F090042BEC0 /* Project object */ = {
			isa = PBXProject;
			attributes = {
				LastSwiftUpdateCheck = 0900;
				LastUpgradeCheck = 0900;
				ORGANIZATIONNAME = "archive-asia";
				TargetAttributes = {
					DAF6B94B1FA06F090042BEC0 = {
						CreatedOnToolsVersion = 9.0.1;
						ProvisioningStyle = Automatic;
					};
				};
			};
			buildConfigurationList = DAF6B9471FA06F090042BEC0 /* Build configuration list for PBXProject "SimpleDocbase" */;
			compatibilityVersion = "Xcode 8.0";
			developmentRegion = en;
			hasScannedForEncodings = 0;
			knownRegions = (
				en,
				Base,
			);
			mainGroup = DAF6B9431FA06F090042BEC0;
			productRefGroup = DAF6B94D1FA06F090042BEC0 /* Products */;
			projectDirPath = "";
			projectRoot = "";
			targets = (
				DAF6B94B1FA06F090042BEC0 /* SimpleDocbase */,
			);
		};
/* End PBXProject section */

/* Begin PBXResourcesBuildPhase section */
		DAF6B94A1FA06F090042BEC0 /* Resources */ = {
			isa = PBXResourcesBuildPhase;
			buildActionMask = 2147483647;
			files = (
				DAF917851FBE9B2700D18FAB /* Settings.bundle in Resources */,
				DA8C80F11FA729D400AC3E3D /* Group.storyboard in Resources */,
				DAF6B95A1FA06F090042BEC0 /* LaunchScreen.storyboard in Resources */,
				DA5099241FBED26B005052F2 /* NewSetting.storyboard in Resources */,
				DA2D5A9B1FA7149A00668EC9 /* Sheet.storyboard in Resources */,
				DA2D5AA21FA728CE00668EC9 /* Setting.storyboard in Resources */,
				DAFD71041FB477F3004F3140 /* Tester.storyboard in Resources */,
				DAF6B9571FA06F090042BEC0 /* Assets.xcassets in Resources */,
				DA2D5AA41FA7296100668EC9 /* Main.storyboard in Resources */,
			);
			runOnlyForDeploymentPostprocessing = 0;
		};
/* End PBXResourcesBuildPhase section */

/* Begin PBXShellScriptBuildPhase section */
		255EE4224FED940C3EEE5D0A /* [CP] Embed Pods Frameworks */ = {
			isa = PBXShellScriptBuildPhase;
			buildActionMask = 2147483647;
			files = (
			);
			inputPaths = (
				"${SRCROOT}/Pods/Target Support Files/Pods-SimpleDocbase/Pods-SimpleDocbase-frameworks.sh",
				"${BUILT_PRODUCTS_DIR}/SVProgressHUD/SVProgressHUD.framework",
				"${BUILT_PRODUCTS_DIR}/SwiftyFORM/SwiftyFORM.framework",
			);
			name = "[CP] Embed Pods Frameworks";
			outputPaths = (
				"${TARGET_BUILD_DIR}/${FRAMEWORKS_FOLDER_PATH}/SVProgressHUD.framework",
				"${TARGET_BUILD_DIR}/${FRAMEWORKS_FOLDER_PATH}/SwiftyFORM.framework",
			);
			runOnlyForDeploymentPostprocessing = 0;
			shellPath = /bin/sh;
			shellScript = "\"${SRCROOT}/Pods/Target Support Files/Pods-SimpleDocbase/Pods-SimpleDocbase-frameworks.sh\"\n";
			showEnvVarsInLog = 0;
		};
		AD31DD08BF2858A2D479A5CC /* [CP] Check Pods Manifest.lock */ = {
			isa = PBXShellScriptBuildPhase;
			buildActionMask = 2147483647;
			files = (
			);
			inputPaths = (
				"${PODS_PODFILE_DIR_PATH}/Podfile.lock",
				"${PODS_ROOT}/Manifest.lock",
			);
			name = "[CP] Check Pods Manifest.lock";
			outputPaths = (
				"$(DERIVED_FILE_DIR)/Pods-SimpleDocbase-checkManifestLockResult.txt",
			);
			runOnlyForDeploymentPostprocessing = 0;
			shellPath = /bin/sh;
			shellScript = "diff \"${PODS_PODFILE_DIR_PATH}/Podfile.lock\" \"${PODS_ROOT}/Manifest.lock\" > /dev/null\nif [ $? != 0 ] ; then\n    # print error to STDERR\n    echo \"error: The sandbox is not in sync with the Podfile.lock. Run 'pod install' or update your CocoaPods installation.\" >&2\n    exit 1\nfi\n# This output is used by Xcode 'outputs' to avoid re-running this script phase.\necho \"SUCCESS\" > \"${SCRIPT_OUTPUT_FILE_0}\"\n";
			showEnvVarsInLog = 0;
		};
		F5B8AE2642F6A64AE383DEF6 /* [CP] Copy Pods Resources */ = {
			isa = PBXShellScriptBuildPhase;
			buildActionMask = 2147483647;
			files = (
			);
			inputPaths = (
			);
			name = "[CP] Copy Pods Resources";
			outputPaths = (
			);
			runOnlyForDeploymentPostprocessing = 0;
			shellPath = /bin/sh;
			shellScript = "\"${SRCROOT}/Pods/Target Support Files/Pods-SimpleDocbase/Pods-SimpleDocbase-resources.sh\"\n";
			showEnvVarsInLog = 0;
		};
/* End PBXShellScriptBuildPhase section */

/* Begin PBXSourcesBuildPhase section */
		DAF6B9481FA06F090042BEC0 /* Sources */ = {
			isa = PBXSourcesBuildPhase;
			buildActionMask = 2147483647;
			files = (
				DAFA95D21FA99C7C00A368BC /* Tag.swift in Sources */,
				DAA3400D1FBBDF81009658EF /* ACATeamRequest.swift in Sources */,
				DA2D5A811FA6D3DE00668EC9 /* Team.swift in Sources */,
				DA2D5A7F1FA6D3B500668EC9 /* Group.swift in Sources */,
				DAF917891FBEA1AA00D18FAB /* SFSettingViewController.swift in Sources */,
				DAE26BEA1FAB113800656BDE /* WriteMemoViewController.swift in Sources */,
				DAFD71081FB53455004F3140 /* TeamRequest.swift in Sources */,
				DAC4E5521FA2F24D00301844 /* Request.swift in Sources */,
				DAFD710A1FB5386B004F3140 /* MemoRequest.swift in Sources */,
				DAFD71061FB47A8C004F3140 /* GroupRequest.swift in Sources */,
				DAF9178C1FBEA64F00D18FAB /* SFRegisterTokenKeyViewController.swift in Sources */,
				DA1D97DD1FB57940005A5C1D /* ACARequest.swift in Sources */,
				DABE7DB61FB0033D007AD68E /* TeamInformViewController.swift in Sources */,
				DAA3400F1FBBE043009658EF /* ACAMemoRequest.swift in Sources */,
				DABE7DB41FB002C6007AD68E /* ChangeTeamViewController.swift in Sources */,
				DA1D97DF1FB57963005A5C1D /* TesterViewController.swift in Sources */,
				DAFA95CE1FA99C4600A368BC /* User.swift in Sources */,
				DAFA95C91FA98DFE00A368BC /* DetailMemoViewController.swift in Sources */,
				DAF917901FBEA68900D18FAB /* SFTeamInfomationViewController.swift in Sources */,
				DAFA95C71FA96DF400A368BC /* MemoListViewController.swift in Sources */,
				BB757EA01FB54CCA00B0A569 /* WorkSheet.swift in Sources */,
				DAF8C5D11FA9EFAE00B9B8C0 /* Memo.swift in Sources */,
				DA1D97E11FB944E3005A5C1D /* TesterTokenKeyViewController.swift in Sources */,
				400458751FB682AD00D5FF8E /* DaySheetViewController.swift in Sources */,
				DAFF5C711FA8664E0087C871 /* SetTokenkeyViewController.swift in Sources */,
				BB66A7E31FBE80D900C971DD /* DaySheetHeaderView.swift in Sources */,
				40F30E381FB88CE000014511 /* WorkSheetCell.swift in Sources */,
				DAFB18291FB1DF3000AA4DC7 /* SheetViewController.swift in Sources */,
				BB3ED2641FBA934900C371E6 /* WorkSheetItemCell.swift in Sources */,
				DAA3400B1FBBDCDA009658EF /* ACAGroupRequest.swift in Sources */,
				400458781FB6855C00D5FF8E /* Date+WorkSheet.swift in Sources */,
				DAFA95D01FA99C6100A368BC /* Comment.swift in Sources */,
				DAF6B9501FA06F090042BEC0 /* AppDelegate.swift in Sources */,
				DAC4E54C1FA1EB0C00301844 /* RegisterTokenKeyViewController.swift in Sources */,
				DAF6B9681FA082EC0042BEC0 /* SettingViewController.swift in Sources */,
				DAF6B96A1FA090BC0042BEC0 /* GroupViewController.swift in Sources */,
			);
			runOnlyForDeploymentPostprocessing = 0;
		};
/* End PBXSourcesBuildPhase section */

/* Begin PBXVariantGroup section */
		DAF6B9581FA06F090042BEC0 /* LaunchScreen.storyboard */ = {
			isa = PBXVariantGroup;
			children = (
				DAF6B9591FA06F090042BEC0 /* Base */,
			);
			name = LaunchScreen.storyboard;
			sourceTree = "<group>";
		};
/* End PBXVariantGroup section */

/* Begin XCBuildConfiguration section */
		DAF6B95C1FA06F090042BEC0 /* Debug */ = {
			isa = XCBuildConfiguration;
			buildSettings = {
				ALWAYS_SEARCH_USER_PATHS = NO;
				CLANG_ANALYZER_NONNULL = YES;
				CLANG_ANALYZER_NUMBER_OBJECT_CONVERSION = YES_AGGRESSIVE;
				CLANG_CXX_LANGUAGE_STANDARD = "gnu++14";
				CLANG_CXX_LIBRARY = "libc++";
				CLANG_ENABLE_MODULES = YES;
				CLANG_ENABLE_OBJC_ARC = YES;
				CLANG_WARN_BLOCK_CAPTURE_AUTORELEASING = YES;
				CLANG_WARN_BOOL_CONVERSION = YES;
				CLANG_WARN_COMMA = YES;
				CLANG_WARN_CONSTANT_CONVERSION = YES;
				CLANG_WARN_DIRECT_OBJC_ISA_USAGE = YES_ERROR;
				CLANG_WARN_DOCUMENTATION_COMMENTS = YES;
				CLANG_WARN_EMPTY_BODY = YES;
				CLANG_WARN_ENUM_CONVERSION = YES;
				CLANG_WARN_INFINITE_RECURSION = YES;
				CLANG_WARN_INT_CONVERSION = YES;
				CLANG_WARN_NON_LITERAL_NULL_CONVERSION = YES;
				CLANG_WARN_OBJC_LITERAL_CONVERSION = YES;
				CLANG_WARN_OBJC_ROOT_CLASS = YES_ERROR;
				CLANG_WARN_RANGE_LOOP_ANALYSIS = YES;
				CLANG_WARN_STRICT_PROTOTYPES = YES;
				CLANG_WARN_SUSPICIOUS_MOVE = YES;
				CLANG_WARN_UNGUARDED_AVAILABILITY = YES_AGGRESSIVE;
				CLANG_WARN_UNREACHABLE_CODE = YES;
				CLANG_WARN__DUPLICATE_METHOD_MATCH = YES;
				CODE_SIGN_IDENTITY = "iPhone Developer";
				COPY_PHASE_STRIP = NO;
				DEBUG_INFORMATION_FORMAT = dwarf;
				ENABLE_STRICT_OBJC_MSGSEND = YES;
				ENABLE_TESTABILITY = YES;
				GCC_C_LANGUAGE_STANDARD = gnu11;
				GCC_DYNAMIC_NO_PIC = NO;
				GCC_NO_COMMON_BLOCKS = YES;
				GCC_OPTIMIZATION_LEVEL = 0;
				GCC_PREPROCESSOR_DEFINITIONS = (
					"DEBUG=1",
					"$(inherited)",
				);
				GCC_WARN_64_TO_32_BIT_CONVERSION = YES;
				GCC_WARN_ABOUT_RETURN_TYPE = YES_ERROR;
				GCC_WARN_UNDECLARED_SELECTOR = YES;
				GCC_WARN_UNINITIALIZED_AUTOS = YES_AGGRESSIVE;
				GCC_WARN_UNUSED_FUNCTION = YES;
				GCC_WARN_UNUSED_VARIABLE = YES;
				IPHONEOS_DEPLOYMENT_TARGET = 11.0;
				MTL_ENABLE_DEBUG_INFO = YES;
				ONLY_ACTIVE_ARCH = YES;
				SDKROOT = iphoneos;
				SWIFT_ACTIVE_COMPILATION_CONDITIONS = DEBUG;
				SWIFT_OPTIMIZATION_LEVEL = "-Onone";
			};
			name = Debug;
		};
		DAF6B95D1FA06F090042BEC0 /* Release */ = {
			isa = XCBuildConfiguration;
			buildSettings = {
				ALWAYS_SEARCH_USER_PATHS = NO;
				CLANG_ANALYZER_NONNULL = YES;
				CLANG_ANALYZER_NUMBER_OBJECT_CONVERSION = YES_AGGRESSIVE;
				CLANG_CXX_LANGUAGE_STANDARD = "gnu++14";
				CLANG_CXX_LIBRARY = "libc++";
				CLANG_ENABLE_MODULES = YES;
				CLANG_ENABLE_OBJC_ARC = YES;
				CLANG_WARN_BLOCK_CAPTURE_AUTORELEASING = YES;
				CLANG_WARN_BOOL_CONVERSION = YES;
				CLANG_WARN_COMMA = YES;
				CLANG_WARN_CONSTANT_CONVERSION = YES;
				CLANG_WARN_DIRECT_OBJC_ISA_USAGE = YES_ERROR;
				CLANG_WARN_DOCUMENTATION_COMMENTS = YES;
				CLANG_WARN_EMPTY_BODY = YES;
				CLANG_WARN_ENUM_CONVERSION = YES;
				CLANG_WARN_INFINITE_RECURSION = YES;
				CLANG_WARN_INT_CONVERSION = YES;
				CLANG_WARN_NON_LITERAL_NULL_CONVERSION = YES;
				CLANG_WARN_OBJC_LITERAL_CONVERSION = YES;
				CLANG_WARN_OBJC_ROOT_CLASS = YES_ERROR;
				CLANG_WARN_RANGE_LOOP_ANALYSIS = YES;
				CLANG_WARN_STRICT_PROTOTYPES = YES;
				CLANG_WARN_SUSPICIOUS_MOVE = YES;
				CLANG_WARN_UNGUARDED_AVAILABILITY = YES_AGGRESSIVE;
				CLANG_WARN_UNREACHABLE_CODE = YES;
				CLANG_WARN__DUPLICATE_METHOD_MATCH = YES;
				CODE_SIGN_IDENTITY = "iPhone Developer";
				COPY_PHASE_STRIP = NO;
				DEBUG_INFORMATION_FORMAT = "dwarf-with-dsym";
				ENABLE_NS_ASSERTIONS = NO;
				ENABLE_STRICT_OBJC_MSGSEND = YES;
				GCC_C_LANGUAGE_STANDARD = gnu11;
				GCC_NO_COMMON_BLOCKS = YES;
				GCC_WARN_64_TO_32_BIT_CONVERSION = YES;
				GCC_WARN_ABOUT_RETURN_TYPE = YES_ERROR;
				GCC_WARN_UNDECLARED_SELECTOR = YES;
				GCC_WARN_UNINITIALIZED_AUTOS = YES_AGGRESSIVE;
				GCC_WARN_UNUSED_FUNCTION = YES;
				GCC_WARN_UNUSED_VARIABLE = YES;
				IPHONEOS_DEPLOYMENT_TARGET = 11.0;
				MTL_ENABLE_DEBUG_INFO = NO;
				SDKROOT = iphoneos;
				SWIFT_OPTIMIZATION_LEVEL = "-Owholemodule";
				VALIDATE_PRODUCT = YES;
			};
			name = Release;
		};
		DAF6B95F1FA06F090042BEC0 /* Debug */ = {
			isa = XCBuildConfiguration;
			baseConfigurationReference = BB8642ABBE4D41B96C1B5FCA /* Pods-SimpleDocbase.debug.xcconfig */;
			buildSettings = {
				ASSETCATALOG_COMPILER_APPICON_NAME = AppIcon;
				CODE_SIGN_STYLE = Automatic;
				INFOPLIST_FILE = SimpleDocbase/Info.plist;
				LD_RUNPATH_SEARCH_PATHS = "$(inherited) @executable_path/Frameworks";
				PRODUCT_BUNDLE_IDENTIFIER = "jp.co.archive-asia.SimpleDocbase";
				PRODUCT_NAME = "$(TARGET_NAME)";
				SWIFT_VERSION = 4.0;
				TARGETED_DEVICE_FAMILY = "1,2";
			};
			name = Debug;
		};
		DAF6B9601FA06F090042BEC0 /* Release */ = {
			isa = XCBuildConfiguration;
			baseConfigurationReference = 50BA2B0354AB199E568389D6 /* Pods-SimpleDocbase.release.xcconfig */;
			buildSettings = {
				ASSETCATALOG_COMPILER_APPICON_NAME = AppIcon;
				CODE_SIGN_STYLE = Automatic;
				INFOPLIST_FILE = SimpleDocbase/Info.plist;
				LD_RUNPATH_SEARCH_PATHS = "$(inherited) @executable_path/Frameworks";
				PRODUCT_BUNDLE_IDENTIFIER = "jp.co.archive-asia.SimpleDocbase";
				PRODUCT_NAME = "$(TARGET_NAME)";
				SWIFT_VERSION = 4.0;
				TARGETED_DEVICE_FAMILY = "1,2";
			};
			name = Release;
		};
/* End XCBuildConfiguration section */

/* Begin XCConfigurationList section */
		DAF6B9471FA06F090042BEC0 /* Build configuration list for PBXProject "SimpleDocbase" */ = {
			isa = XCConfigurationList;
			buildConfigurations = (
				DAF6B95C1FA06F090042BEC0 /* Debug */,
				DAF6B95D1FA06F090042BEC0 /* Release */,
			);
			defaultConfigurationIsVisible = 0;
			defaultConfigurationName = Release;
		};
		DAF6B95E1FA06F090042BEC0 /* Build configuration list for PBXNativeTarget "SimpleDocbase" */ = {
			isa = XCConfigurationList;
			buildConfigurations = (
				DAF6B95F1FA06F090042BEC0 /* Debug */,
				DAF6B9601FA06F090042BEC0 /* Release */,
			);
			defaultConfigurationIsVisible = 0;
			defaultConfigurationName = Release;
		};
/* End XCConfigurationList section */
	};
	rootObject = DAF6B9441FA06F090042BEC0 /* Project object */;
}
